// !$*UTF8*$!
{
	archiveVersion = 1;
	classes = {
	};
	objectVersion = 46;
	objects = {

/* Begin PBXBuildFile section */
		7702DABA1800653800644A99 /* AddGenreViewController.m in Sources */ = {isa = PBXBuildFile; fileRef = 7702DAB91800653800644A99 /* AddGenreViewController.m */; };
		7702DAC918040E5900644A99 /* AddPartViewController.m in Sources */ = {isa = PBXBuildFile; fileRef = 7702DAC818040E5900644A99 /* AddPartViewController.m */; };
		7702DAE21804421E00644A99 /* PartViewController.m in Sources */ = {isa = PBXBuildFile; fileRef = 7702DAE11804421E00644A99 /* PartViewController.m */; };
		7702DAE718068C9100644A99 /* Settings.bundle in Resources */ = {isa = PBXBuildFile; fileRef = 7702DAE618068C9100644A99 /* Settings.bundle */; };
		770B20C317E766D000AF23FB /* MasterViewController.m in Sources */ = {isa = PBXBuildFile; fileRef = 770B20C217E766D000AF23FB /* MasterViewController.m */; };
		770B20C617E7674400AF23FB /* DetailViewController.m in Sources */ = {isa = PBXBuildFile; fileRef = 770B20C517E7674400AF23FB /* DetailViewController.m */; };
		771E94D017F1C881004C46D4 /* mainBook.png in Resources */ = {isa = PBXBuildFile; fileRef = 771E94CF17F1C881004C46D4 /* mainBook.png */; };
		771E94D217F1D454004C46D4 /* CoreData.framework in Frameworks */ = {isa = PBXBuildFile; fileRef = 771E94D117F1D454004C46D4 /* CoreData.framework */; };
		771E950617F453C3004C46D4 /* Books.xcdatamodeld in Sources */ = {isa = PBXBuildFile; fileRef = 771E950417F453C3004C46D4 /* Books.xcdatamodeld */; };
		771E954617F473E1004C46D4 /* PopoverViewController.m in Sources */ = {isa = PBXBuildFile; fileRef = 771E954517F473E1004C46D4 /* PopoverViewController.m */; };
		7785587217EB299D0011BE62 /* AddBookViewController.m in Sources */ = {isa = PBXBuildFile; fileRef = 7785587117EB299D0011BE62 /* AddBookViewController.m */; };
		7790E32C17FC3BCF0000C187 /* DataSource.m in Sources */ = {isa = PBXBuildFile; fileRef = 7790E32B17FC3BCF0000C187 /* DataSource.m */; };
		7794364318088026006AF862 /* BookCollectionCell.m in Sources */ = {isa = PBXBuildFile; fileRef = 7794364218088026006AF862 /* BookCollectionCell.m */; };
		779436491808810B006AF862 /* BookCollectionViewController.m in Sources */ = {isa = PBXBuildFile; fileRef = 779436481808810B006AF862 /* BookCollectionViewController.m */; };
		7794364F180B585B006AF862 /* AddAuthorViewController.m in Sources */ = {isa = PBXBuildFile; fileRef = 7794364E180B585B006AF862 /* AddAuthorViewController.m */; };
		77943651180C6C1C006AF862 /* home.png in Resources */ = {isa = PBXBuildFile; fileRef = 77943650180C6C1C006AF862 /* home.png */; };
		77943654180E9D5F006AF862 /* empyImage.png in Resources */ = {isa = PBXBuildFile; fileRef = 77943653180E9D5F006AF862 /* empyImage.png */; };
		77943657180EA627006AF862 /* Author.m in Sources */ = {isa = PBXBuildFile; fileRef = 77943656180EA627006AF862 /* Author.m */; };
		7794365A180EA634006AF862 /* BookS.m in Sources */ = {isa = PBXBuildFile; fileRef = 77943659180EA634006AF862 /* BookS.m */; };
		7794365D180EA63D006AF862 /* Genre.m in Sources */ = {isa = PBXBuildFile; fileRef = 7794365C180EA63D006AF862 /* Genre.m */; };
		77943660180EA645006AF862 /* Part.m in Sources */ = {isa = PBXBuildFile; fileRef = 7794365F180EA645006AF862 /* Part.m */; };
		77982EEC17E7628F000631B4 /* UIKit.framework in Frameworks */ = {isa = PBXBuildFile; fileRef = 77982EEB17E7628F000631B4 /* UIKit.framework */; };
		77982EEE17E7628F000631B4 /* Foundation.framework in Frameworks */ = {isa = PBXBuildFile; fileRef = 77982EED17E7628F000631B4 /* Foundation.framework */; };
		77982EF017E76290000631B4 /* CoreGraphics.framework in Frameworks */ = {isa = PBXBuildFile; fileRef = 77982EEF17E7628F000631B4 /* CoreGraphics.framework */; };
		77982EF617E76290000631B4 /* InfoPlist.strings in Resources */ = {isa = PBXBuildFile; fileRef = 77982EF417E76290000631B4 /* InfoPlist.strings */; };
		77982EF817E76290000631B4 /* main.m in Sources */ = {isa = PBXBuildFile; fileRef = 77982EF717E76290000631B4 /* main.m */; };
		77982EFC17E76290000631B4 /* AppDelegate.m in Sources */ = {isa = PBXBuildFile; fileRef = 77982EFB17E76290000631B4 /* AppDelegate.m */; };
		77982EFE17E76290000631B4 /* Default.png in Resources */ = {isa = PBXBuildFile; fileRef = 77982EFD17E76290000631B4 /* Default.png */; };
		77982F0017E76290000631B4 /* Default@2x.png in Resources */ = {isa = PBXBuildFile; fileRef = 77982EFF17E76290000631B4 /* Default@2x.png */; };
		77982F0217E76290000631B4 /* Default-568h@2x.png in Resources */ = {isa = PBXBuildFile; fileRef = 77982F0117E76290000631B4 /* Default-568h@2x.png */; };
		77982F0517E76290000631B4 /* MainStoryboard.storyboard in Resources */ = {isa = PBXBuildFile; fileRef = 77982F0317E76290000631B4 /* MainStoryboard.storyboard */; };
/* End PBXBuildFile section */

/* Begin PBXFileReference section */
		7702DAB81800653800644A99 /* AddGenreViewController.h */ = {isa = PBXFileReference; fileEncoding = 4; lastKnownFileType = sourcecode.c.h; name = AddGenreViewController.h; path = BookReader/AddGenreViewController.h; sourceTree = "<group>"; };
		7702DAB91800653800644A99 /* AddGenreViewController.m */ = {isa = PBXFileReference; fileEncoding = 4; lastKnownFileType = sourcecode.c.objc; name = AddGenreViewController.m; path = BookReader/AddGenreViewController.m; sourceTree = "<group>"; };
		7702DAC718040E5900644A99 /* AddPartViewController.h */ = {isa = PBXFileReference; fileEncoding = 4; lastKnownFileType = sourcecode.c.h; name = AddPartViewController.h; path = BookReader/AddPartViewController.h; sourceTree = "<group>"; };
		7702DAC818040E5900644A99 /* AddPartViewController.m */ = {isa = PBXFileReference; fileEncoding = 4; lastKnownFileType = sourcecode.c.objc; name = AddPartViewController.m; path = BookReader/AddPartViewController.m; sourceTree = "<group>"; };
		7702DAE01804421E00644A99 /* PartViewController.h */ = {isa = PBXFileReference; fileEncoding = 4; lastKnownFileType = sourcecode.c.h; path = PartViewController.h; sourceTree = "<group>"; };
		7702DAE11804421E00644A99 /* PartViewController.m */ = {isa = PBXFileReference; fileEncoding = 4; lastKnownFileType = sourcecode.c.objc; path = PartViewController.m; sourceTree = "<group>"; };
		7702DAE618068C9100644A99 /* Settings.bundle */ = {isa = PBXFileReference; lastKnownFileType = "wrapper.plug-in"; name = Settings.bundle; path = ../../Settings.bundle; sourceTree = "<group>"; };
		770B20C217E766D000AF23FB /* MasterViewController.m */ = {isa = PBXFileReference; fileEncoding = 4; lastKnownFileType = sourcecode.c.objc; path = MasterViewController.m; sourceTree = "<group>"; };
		770B20C417E7674400AF23FB /* DetailViewController.h */ = {isa = PBXFileReference; fileEncoding = 4; lastKnownFileType = sourcecode.c.h; path = DetailViewController.h; sourceTree = "<group>"; };
		770B20C517E7674400AF23FB /* DetailViewController.m */ = {isa = PBXFileReference; fileEncoding = 4; lastKnownFileType = sourcecode.c.objc; path = DetailViewController.m; sourceTree = "<group>"; };
		7714FB2317EB2FD2008FB091 /* MasterViewController.h */ = {isa = PBXFileReference; fileEncoding = 4; lastKnownFileType = sourcecode.c.h; path = MasterViewController.h; sourceTree = "<group>"; };
		771E94CF17F1C881004C46D4 /* mainBook.png */ = {isa = PBXFileReference; lastKnownFileType = image.png; path = mainBook.png; sourceTree = "<group>"; };
		771E94D117F1D454004C46D4 /* CoreData.framework */ = {isa = PBXFileReference; lastKnownFileType = wrapper.framework; name = CoreData.framework; path = System/Library/Frameworks/CoreData.framework; sourceTree = SDKROOT; };
		771E950517F453C3004C46D4 /* Books.xcdatamodel */ = {isa = PBXFileReference; lastKnownFileType = wrapper.xcdatamodel; path = Books.xcdatamodel; sourceTree = "<group>"; };
		771E954417F473E1004C46D4 /* PopoverViewController.h */ = {isa = PBXFileReference; fileEncoding = 4; lastKnownFileType = sourcecode.c.h; path = PopoverViewController.h; sourceTree = "<group>"; };
		771E954517F473E1004C46D4 /* PopoverViewController.m */ = {isa = PBXFileReference; fileEncoding = 4; lastKnownFileType = sourcecode.c.objc; path = PopoverViewController.m; sourceTree = "<group>"; };
		7785587017EB299D0011BE62 /* AddBookViewController.h */ = {isa = PBXFileReference; fileEncoding = 4; lastKnownFileType = sourcecode.c.h; name = AddBookViewController.h; path = BookReader/AddBookViewController.h; sourceTree = "<group>"; };
		7785587117EB299D0011BE62 /* AddBookViewController.m */ = {isa = PBXFileReference; fileEncoding = 4; lastKnownFileType = sourcecode.c.objc; name = AddBookViewController.m; path = BookReader/AddBookViewController.m; sourceTree = "<group>"; };
		7790E32A17FC3BCF0000C187 /* DataSource.h */ = {isa = PBXFileReference; fileEncoding = 4; lastKnownFileType = sourcecode.c.h; name = DataSource.h; path = BookReader/DataSource.h; sourceTree = "<group>"; };
		7790E32B17FC3BCF0000C187 /* DataSource.m */ = {isa = PBXFileReference; fileEncoding = 4; lastKnownFileType = sourcecode.c.objc; name = DataSource.m; path = BookReader/DataSource.m; sourceTree = "<group>"; };
		7794364118088026006AF862 /* BookCollectionCell.h */ = {isa = PBXFileReference; fileEncoding = 4; lastKnownFileType = sourcecode.c.h; path = BookCollectionCell.h; sourceTree = "<group>"; };
		7794364218088026006AF862 /* BookCollectionCell.m */ = {isa = PBXFileReference; fileEncoding = 4; lastKnownFileType = sourcecode.c.objc; path = BookCollectionCell.m; sourceTree = "<group>"; };
		779436471808810B006AF862 /* BookCollectionViewController.h */ = {isa = PBXFileReference; fileEncoding = 4; lastKnownFileType = sourcecode.c.h; path = BookCollectionViewController.h; sourceTree = "<group>"; };
		779436481808810B006AF862 /* BookCollectionViewController.m */ = {isa = PBXFileReference; fileEncoding = 4; lastKnownFileType = sourcecode.c.objc; path = BookCollectionViewController.m; sourceTree = "<group>"; };
		7794364D180B585B006AF862 /* AddAuthorViewController.h */ = {isa = PBXFileReference; fileEncoding = 4; lastKnownFileType = sourcecode.c.h; name = AddAuthorViewController.h; path = BookReader/AddAuthorViewController.h; sourceTree = "<group>"; };
		7794364E180B585B006AF862 /* AddAuthorViewController.m */ = {isa = PBXFileReference; fileEncoding = 4; lastKnownFileType = sourcecode.c.objc; name = AddAuthorViewController.m; path = BookReader/AddAuthorViewController.m; sourceTree = "<group>"; };
		77943650180C6C1C006AF862 /* home.png */ = {isa = PBXFileReference; lastKnownFileType = image.png; path = home.png; sourceTree = "<group>"; };
		77943653180E9D5F006AF862 /* empyImage.png */ = {isa = PBXFileReference; lastKnownFileType = image.png; path = empyImage.png; sourceTree = "<group>"; };
		77943655180EA627006AF862 /* Author.h */ = {isa = PBXFileReference; fileEncoding = 4; lastKnownFileType = sourcecode.c.h; path = Author.h; sourceTree = "<group>"; };
		77943656180EA627006AF862 /* Author.m */ = {isa = PBXFileReference; fileEncoding = 4; lastKnownFileType = sourcecode.c.objc; path = Author.m; sourceTree = "<group>"; };
		77943658180EA634006AF862 /* BookS.h */ = {isa = PBXFileReference; fileEncoding = 4; lastKnownFileType = sourcecode.c.h; path = BookS.h; sourceTree = "<group>"; };
		77943659180EA634006AF862 /* BookS.m */ = {isa = PBXFileReference; fileEncoding = 4; lastKnownFileType = sourcecode.c.objc; path = BookS.m; sourceTree = "<group>"; };
		7794365B180EA63D006AF862 /* Genre.h */ = {isa = PBXFileReference; fileEncoding = 4; lastKnownFileType = sourcecode.c.h; path = Genre.h; sourceTree = "<group>"; };
		7794365C180EA63D006AF862 /* Genre.m */ = {isa = PBXFileReference; fileEncoding = 4; lastKnownFileType = sourcecode.c.objc; path = Genre.m; sourceTree = "<group>"; };
		7794365E180EA645006AF862 /* Part.h */ = {isa = PBXFileReference; fileEncoding = 4; lastKnownFileType = sourcecode.c.h; path = Part.h; sourceTree = "<group>"; };
		7794365F180EA645006AF862 /* Part.m */ = {isa = PBXFileReference; fileEncoding = 4; lastKnownFileType = sourcecode.c.objc; path = Part.m; sourceTree = "<group>"; };
		77982EE817E7628F000631B4 /* BookReader.app */ = {isa = PBXFileReference; explicitFileType = wrapper.application; includeInIndex = 0; path = BookReader.app; sourceTree = BUILT_PRODUCTS_DIR; };
		77982EEB17E7628F000631B4 /* UIKit.framework */ = {isa = PBXFileReference; lastKnownFileType = wrapper.framework; name = UIKit.framework; path = System/Library/Frameworks/UIKit.framework; sourceTree = SDKROOT; };
		77982EED17E7628F000631B4 /* Foundation.framework */ = {isa = PBXFileReference; lastKnownFileType = wrapper.framework; name = Foundation.framework; path = System/Library/Frameworks/Foundation.framework; sourceTree = SDKROOT; };
		77982EEF17E7628F000631B4 /* CoreGraphics.framework */ = {isa = PBXFileReference; lastKnownFileType = wrapper.framework; name = CoreGraphics.framework; path = System/Library/Frameworks/CoreGraphics.framework; sourceTree = SDKROOT; };
		77982EF317E76290000631B4 /* BookReader-Info.plist */ = {isa = PBXFileReference; lastKnownFileType = text.plist.xml; path = "BookReader-Info.plist"; sourceTree = "<group>"; };
		77982EF517E76290000631B4 /* en */ = {isa = PBXFileReference; lastKnownFileType = text.plist.strings; name = en; path = en.lproj/InfoPlist.strings; sourceTree = "<group>"; };
		77982EF717E76290000631B4 /* main.m */ = {isa = PBXFileReference; lastKnownFileType = sourcecode.c.objc; path = main.m; sourceTree = "<group>"; };
		77982EF917E76290000631B4 /* BookReader-Prefix.pch */ = {isa = PBXFileReference; lastKnownFileType = sourcecode.c.h; path = "BookReader-Prefix.pch"; sourceTree = "<group>"; };
		77982EFA17E76290000631B4 /* AppDelegate.h */ = {isa = PBXFileReference; lastKnownFileType = sourcecode.c.h; path = AppDelegate.h; sourceTree = "<group>"; };
		77982EFB17E76290000631B4 /* AppDelegate.m */ = {isa = PBXFileReference; lastKnownFileType = sourcecode.c.objc; path = AppDelegate.m; sourceTree = "<group>"; };
		77982EFD17E76290000631B4 /* Default.png */ = {isa = PBXFileReference; lastKnownFileType = image.png; path = Default.png; sourceTree = "<group>"; };
		77982EFF17E76290000631B4 /* Default@2x.png */ = {isa = PBXFileReference; lastKnownFileType = image.png; path = "Default@2x.png"; sourceTree = "<group>"; };
		77982F0117E76290000631B4 /* Default-568h@2x.png */ = {isa = PBXFileReference; lastKnownFileType = image.png; path = "Default-568h@2x.png"; sourceTree = "<group>"; };
		77982F0417E76290000631B4 /* en */ = {isa = PBXFileReference; lastKnownFileType = file.storyboard; name = en; path = en.lproj/MainStoryboard.storyboard; sourceTree = "<group>"; };
/* End PBXFileReference section */

/* Begin PBXFrameworksBuildPhase section */
		77982EE517E7628F000631B4 /* Frameworks */ = {
			isa = PBXFrameworksBuildPhase;
			buildActionMask = 2147483647;
			files = (
				771E94D217F1D454004C46D4 /* CoreData.framework in Frameworks */,
				77982EEC17E7628F000631B4 /* UIKit.framework in Frameworks */,
				77982EEE17E7628F000631B4 /* Foundation.framework in Frameworks */,
				77982EF017E76290000631B4 /* CoreGraphics.framework in Frameworks */,
			);
			runOnlyForDeploymentPostprocessing = 0;
		};
/* End PBXFrameworksBuildPhase section */

/* Begin PBXGroup section */
		7702DACD18042A2500644A99 /* CoreData */ = {
			isa = PBXGroup;
			children = (
				7790E32A17FC3BCF0000C187 /* DataSource.h */,
				7790E32B17FC3BCF0000C187 /* DataSource.m */,
				771E950417F453C3004C46D4 /* Books.xcdatamodeld */,
				7794365E180EA645006AF862 /* Part.h */,
				7794365F180EA645006AF862 /* Part.m */,
				7794365B180EA63D006AF862 /* Genre.h */,
				7794365C180EA63D006AF862 /* Genre.m */,
				77943655180EA627006AF862 /* Author.h */,
				77943656180EA627006AF862 /* Author.m */,
				77943658180EA634006AF862 /* BookS.h */,
				77943659180EA634006AF862 /* BookS.m */,
			);
			name = CoreData;
			path = ..;
			sourceTree = "<group>";
		};
		771E94CE17F1C881004C46D4 /* Resources */ = {
			isa = PBXGroup;
			children = (
				77943653180E9D5F006AF862 /* empyImage.png */,
				77943650180C6C1C006AF862 /* home.png */,
				7702DAE618068C9100644A99 /* Settings.bundle */,
				771E94CF17F1C881004C46D4 /* mainBook.png */,
			);
			path = Resources;
			sourceTree = "<group>";
		};
		77943652180E8CA3006AF862 /* AddElement */ = {
			isa = PBXGroup;
			children = (
				7794364D180B585B006AF862 /* AddAuthorViewController.h */,
				7794364E180B585B006AF862 /* AddAuthorViewController.m */,
				7702DAC718040E5900644A99 /* AddPartViewController.h */,
				7702DAC818040E5900644A99 /* AddPartViewController.m */,
				7702DAB81800653800644A99 /* AddGenreViewController.h */,
				7702DAB91800653800644A99 /* AddGenreViewController.m */,
				7785587017EB299D0011BE62 /* AddBookViewController.h */,
				7785587117EB299D0011BE62 /* AddBookViewController.m */,
			);
			name = AddElement;
			path = ..;
			sourceTree = "<group>";
		};
		77982EDF17E7628F000631B4 = {
			isa = PBXGroup;
			children = (
				77982EF117E76290000631B4 /* BookReader */,
				77982EEA17E7628F000631B4 /* Frameworks */,
				77982EE917E7628F000631B4 /* Products */,
			);
			sourceTree = "<group>";
		};
		77982EE917E7628F000631B4 /* Products */ = {
			isa = PBXGroup;
			children = (
				77982EE817E7628F000631B4 /* BookReader.app */,
			);
			name = Products;
			sourceTree = "<group>";
		};
		77982EEA17E7628F000631B4 /* Frameworks */ = {
			isa = PBXGroup;
			children = (
				771E94D117F1D454004C46D4 /* CoreData.framework */,
				77982EEB17E7628F000631B4 /* UIKit.framework */,
				77982EED17E7628F000631B4 /* Foundation.framework */,
				77982EEF17E7628F000631B4 /* CoreGraphics.framework */,
			);
			name = Frameworks;
			sourceTree = "<group>";
		};
		77982EF117E76290000631B4 /* BookReader */ = {
			isa = PBXGroup;
			children = (
				77982EFA17E76290000631B4 /* AppDelegate.h */,
				77982EFB17E76290000631B4 /* AppDelegate.m */,
				77982F0317E76290000631B4 /* MainStoryboard.storyboard */,
				779436471808810B006AF862 /* BookCollectionViewController.h */,
				779436481808810B006AF862 /* BookCollectionViewController.m */,
				7794364118088026006AF862 /* BookCollectionCell.h */,
				7794364218088026006AF862 /* BookCollectionCell.m */,
				7702DAE01804421E00644A99 /* PartViewController.h */,
				7702DAE11804421E00644A99 /* PartViewController.m */,
				7714FB2317EB2FD2008FB091 /* MasterViewController.h */,
				770B20C217E766D000AF23FB /* MasterViewController.m */,
				770B20C417E7674400AF23FB /* DetailViewController.h */,
				770B20C517E7674400AF23FB /* DetailViewController.m */,
				771E954417F473E1004C46D4 /* PopoverViewController.h */,
				771E954517F473E1004C46D4 /* PopoverViewController.m */,
				77943652180E8CA3006AF862 /* AddElement */,
				7702DACD18042A2500644A99 /* CoreData */,
				771E94CE17F1C881004C46D4 /* Resources */,
				77982EF217E76290000631B4 /* Supporting Files */,
			);
			path = BookReader;
			sourceTree = "<group>";
		};
		77982EF217E76290000631B4 /* Supporting Files */ = {
			isa = PBXGroup;
			children = (
				77982EF317E76290000631B4 /* BookReader-Info.plist */,
				77982EF417E76290000631B4 /* InfoPlist.strings */,
				77982EF717E76290000631B4 /* main.m */,
				77982EF917E76290000631B4 /* BookReader-Prefix.pch */,
				77982EFD17E76290000631B4 /* Default.png */,
				77982EFF17E76290000631B4 /* Default@2x.png */,
				77982F0117E76290000631B4 /* Default-568h@2x.png */,
			);
			name = "Supporting Files";
			sourceTree = "<group>";
		};
/* End PBXGroup section */

/* Begin PBXNativeTarget section */
		77982EE717E7628F000631B4 /* BookReader */ = {
			isa = PBXNativeTarget;
			buildConfigurationList = 77982F0B17E76290000631B4 /* Build configuration list for PBXNativeTarget "BookReader" */;
			buildPhases = (
				77982EE417E7628F000631B4 /* Sources */,
				77982EE517E7628F000631B4 /* Frameworks */,
				77982EE617E7628F000631B4 /* Resources */,
			);
			buildRules = (
			);
			dependencies = (
			);
			name = BookReader;
			productName = BookReader;
			productReference = 77982EE817E7628F000631B4 /* BookReader.app */;
			productType = "com.apple.product-type.application";
		};
/* End PBXNativeTarget section */

/* Begin PBXProject section */
		77982EE017E7628F000631B4 /* Project object */ = {
			isa = PBXProject;
			attributes = {
				LastUpgradeCheck = 0460;
				ORGANIZATIONNAME = "Dmitriy Remezov";
			};
			buildConfigurationList = 77982EE317E7628F000631B4 /* Build configuration list for PBXProject "BookReader" */;
			compatibilityVersion = "Xcode 3.2";
			developmentRegion = English;
			hasScannedForEncodings = 0;
			knownRegions = (
				en,
			);
			mainGroup = 77982EDF17E7628F000631B4;
			productRefGroup = 77982EE917E7628F000631B4 /* Products */;
			projectDirPath = "";
			projectRoot = "";
			targets = (
				77982EE717E7628F000631B4 /* BookReader */,
			);
		};
/* End PBXProject section */

/* Begin PBXResourcesBuildPhase section */
		77982EE617E7628F000631B4 /* Resources */ = {
			isa = PBXResourcesBuildPhase;
			buildActionMask = 2147483647;
			files = (
				77982EF617E76290000631B4 /* InfoPlist.strings in Resources */,
				77982EFE17E76290000631B4 /* Default.png in Resources */,
				77982F0017E76290000631B4 /* Default@2x.png in Resources */,
				77982F0217E76290000631B4 /* Default-568h@2x.png in Resources */,
				77982F0517E76290000631B4 /* MainStoryboard.storyboard in Resources */,
				771E94D017F1C881004C46D4 /* mainBook.png in Resources */,
				7702DAE718068C9100644A99 /* Settings.bundle in Resources */,
				77943651180C6C1C006AF862 /* home.png in Resources */,
				77943654180E9D5F006AF862 /* empyImage.png in Resources */,
			);
			runOnlyForDeploymentPostprocessing = 0;
		};
/* End PBXResourcesBuildPhase section */

/* Begin PBXSourcesBuildPhase section */
		77982EE417E7628F000631B4 /* Sources */ = {
			isa = PBXSourcesBuildPhase;
			buildActionMask = 2147483647;
			files = (
				77982EF817E76290000631B4 /* main.m in Sources */,
				77982EFC17E76290000631B4 /* AppDelegate.m in Sources */,
				770B20C317E766D000AF23FB /* MasterViewController.m in Sources */,
				770B20C617E7674400AF23FB /* DetailViewController.m in Sources */,
				7785587217EB299D0011BE62 /* AddBookViewController.m in Sources */,
				771E950617F453C3004C46D4 /* Books.xcdatamodeld in Sources */,
				771E954617F473E1004C46D4 /* PopoverViewController.m in Sources */,
				7790E32C17FC3BCF0000C187 /* DataSource.m in Sources */,
				7702DABA1800653800644A99 /* AddGenreViewController.m in Sources */,
				7702DAC918040E5900644A99 /* AddPartViewController.m in Sources */,
				7702DAE21804421E00644A99 /* PartViewController.m in Sources */,
				7794364318088026006AF862 /* BookCollectionCell.m in Sources */,
				779436491808810B006AF862 /* BookCollectionViewController.m in Sources */,
				7794364F180B585B006AF862 /* AddAuthorViewController.m in Sources */,
				77943657180EA627006AF862 /* Author.m in Sources */,
				7794365A180EA634006AF862 /* BookS.m in Sources */,
				7794365D180EA63D006AF862 /* Genre.m in Sources */,
				77943660180EA645006AF862 /* Part.m in Sources */,
			);
			runOnlyForDeploymentPostprocessing = 0;
		};
/* End PBXSourcesBuildPhase section */

/* Begin PBXVariantGroup section */
		77982EF417E76290000631B4 /* InfoPlist.strings */ = {
			isa = PBXVariantGroup;
			children = (
				77982EF517E76290000631B4 /* en */,
			);
			name = InfoPlist.strings;
			sourceTree = "<group>";
		};
		77982F0317E76290000631B4 /* MainStoryboard.storyboard */ = {
			isa = PBXVariantGroup;
			children = (
				77982F0417E76290000631B4 /* en */,
			);
			name = MainStoryboard.storyboard;
			sourceTree = "<group>";
		};
/* End PBXVariantGroup section */

/* Begin XCBuildConfiguration section */
		77982F0917E76290000631B4 /* Debug */ = {
			isa = XCBuildConfiguration;
			buildSettings = {
				ALWAYS_SEARCH_USER_PATHS = NO;
				CLANG_CXX_LANGUAGE_STANDARD = "gnu++0x";
				CLANG_CXX_LIBRARY = "libc++";
				CLANG_ENABLE_OBJC_ARC = YES;
				CLANG_WARN_CONSTANT_CONVERSION = YES;
				CLANG_WARN_EMPTY_BODY = YES;
				CLANG_WARN_ENUM_CONVERSION = YES;
				CLANG_WARN_INT_CONVERSION = YES;
				CLANG_WARN__DUPLICATE_METHOD_MATCH = YES;
				"CODE_SIGN_IDENTITY[sdk=iphoneos*]" = "iPhone Developer";
				COPY_PHASE_STRIP = NO;
				GCC_C_LANGUAGE_STANDARD = gnu99;
				GCC_DYNAMIC_NO_PIC = NO;
				GCC_OPTIMIZATION_LEVEL = 0;
				GCC_PREPROCESSOR_DEFINITIONS = (
					"DEBUG=1",
					"$(inherited)",
				);
				GCC_SYMBOLS_PRIVATE_EXTERN = NO;
				GCC_WARN_ABOUT_RETURN_TYPE = YES;
				GCC_WARN_UNINITIALIZED_AUTOS = YES;
				GCC_WARN_UNUSED_VARIABLE = YES;
				IPHONEOS_DEPLOYMENT_TARGET = 6.1;
				ONLY_ACTIVE_ARCH = YES;
				SDKROOT = iphoneos;
				TARGETED_DEVICE_FAMILY = 2;
			};
			name = Debug;
		};
		77982F0A17E76290000631B4 /* Release */ = {
			isa = XCBuildConfiguration;
			buildSettings = {
				ALWAYS_SEARCH_USER_PATHS = NO;
				CLANG_CXX_LANGUAGE_STANDARD = "gnu++0x";
				CLANG_CXX_LIBRARY = "libc++";
				CLANG_ENABLE_OBJC_ARC = YES;
				CLANG_WARN_CONSTANT_CONVERSION = YES;
				CLANG_WARN_EMPTY_BODY = YES;
				CLANG_WARN_ENUM_CONVERSION = YES;
				CLANG_WARN_INT_CONVERSION = YES;
				CLANG_WARN__DUPLICATE_METHOD_MATCH = YES;
				"CODE_SIGN_IDENTITY[sdk=iphoneos*]" = "iPhone Developer";
				COPY_PHASE_STRIP = YES;
				GCC_C_LANGUAGE_STANDARD = gnu99;
				GCC_WARN_ABOUT_RETURN_TYPE = YES;
				GCC_WARN_UNINITIALIZED_AUTOS = YES;
				GCC_WARN_UNUSED_VARIABLE = YES;
				IPHONEOS_DEPLOYMENT_TARGET = 6.1;
				OTHER_CFLAGS = "-DNS_BLOCK_ASSERTIONS=1";
				SDKROOT = iphoneos;
				TARGETED_DEVICE_FAMILY = 2;
				VALIDATE_PRODUCT = YES;
			};
			name = Release;
		};
		77982F0C17E76290000631B4 /* Debug */ = {
			isa = XCBuildConfiguration;
			buildSettings = {
				GCC_PRECOMPILE_PREFIX_HEADER = YES;
				GCC_PREFIX_HEADER = "BookReader/BookReader-Prefix.pch";
				INFOPLIST_FILE = "BookReader/BookReader-Info.plist";
				PRODUCT_NAME = "$(TARGET_NAME)";
				WRAPPER_EXTENSION = app;
			};
			name = Debug;
		};
		77982F0D17E76290000631B4 /* Release */ = {
			isa = XCBuildConfiguration;
			buildSettings = {
				GCC_PRECOMPILE_PREFIX_HEADER = YES;
				GCC_PREFIX_HEADER = "BookReader/BookReader-Prefix.pch";
				INFOPLIST_FILE = "BookReader/BookReader-Info.plist";
				PRODUCT_NAME = "$(TARGET_NAME)";
				WRAPPER_EXTENSION = app;
			};
			name = Release;
		};
/* End XCBuildConfiguration section */

/* Begin XCConfigurationList section */
		77982EE317E7628F000631B4 /* Build configuration list for PBXProject "BookReader" */ = {
			isa = XCConfigurationList;
			buildConfigurations = (
				77982F0917E76290000631B4 /* Debug */,
				77982F0A17E76290000631B4 /* Release */,
			);
			defaultConfigurationIsVisible = 0;
			defaultConfigurationName = Release;
		};
		77982F0B17E76290000631B4 /* Build configuration list for PBXNativeTarget "BookReader" */ = {
			isa = XCConfigurationList;
			buildConfigurations = (
				77982F0C17E76290000631B4 /* Debug */,
				77982F0D17E76290000631B4 /* Release */,
			);
			defaultConfigurationIsVisible = 0;
			defaultConfigurationName = Release;
		};
/* End XCConfigurationList section */

/* Begin XCVersionGroup section */
		771E950417F453C3004C46D4 /* Books.xcdatamodeld */ = {
			isa = XCVersionGroup;
			children = (
				771E950517F453C3004C46D4 /* Books.xcdatamodel */,
			);
			currentVersion = 771E950517F453C3004C46D4 /* Books.xcdatamodel */;
			name = Books.xcdatamodeld;
			path = BookReader/Books.xcdatamodeld;
			sourceTree = "<group>";
			versionGroupType = wrapper.xcdatamodel;
		};
/* End XCVersionGroup section */
	};
	rootObject = 77982EE017E7628F000631B4 /* Project object */;
}
